
Microsoft Visual Studio Solution File, Format Version 12.00
# Visual Studio 15
VisualStudioVersion = 15.0.26403.7
MinimumVisualStudioVersion = 10.0.40219.1
Project("{FAE04EC0-301F-11D3-BF4B-00C04F79EFBC}") = "People.Android", "People\People.Android\People.Android.csproj", "{4162C8BF-218C-4449-986A-8115D6AECF49}"
EndProject
Project("{FAE04EC0-301F-11D3-BF4B-00C04F79EFBC}") = "People", "People\People\People.csproj", "{7FA4BFCC-5800-487A-8AEE-74C86DC6ACD9}"
EndProject
Project("{FAE04EC0-301F-11D3-BF4B-00C04F79EFBC}") = "People.UWP", "People\People.UWP\People.UWP.csproj", "{3F453BA3-9E74-4121-A887-075CF39E02A6}"
EndProject
Project("{FAE04EC0-301F-11D3-BF4B-00C04F79EFBC}") = "People.iOS", "People\People.iOS\People.iOS.csproj", "{C27A073E-08BF-4F42-81D8-D94141449ABD}"
EndProject
Global
	GlobalSection(SolutionConfigurationPlatforms) = preSolution
		Ad-Hoc|Any CPU = Ad-Hoc|Any CPU
		Ad-Hoc|ARM = Ad-Hoc|ARM
		Ad-Hoc|iPhone = Ad-Hoc|iPhone
		Ad-Hoc|iPhoneSimulator = Ad-Hoc|iPhoneSimulator
		Ad-Hoc|x64 = Ad-Hoc|x64
		Ad-Hoc|x86 = Ad-Hoc|x86
		AppStore|Any CPU = AppStore|Any CPU
		AppStore|ARM = AppStore|ARM
		AppStore|iPhone = AppStore|iPhone
		AppStore|iPhoneSimulator = AppStore|iPhoneSimulator
		AppStore|x64 = AppStore|x64
		AppStore|x86 = AppStore|x86
		Debug|Any CPU = Debug|Any CPU
		Debug|ARM = Debug|ARM
		Debug|iPhone = Debug|iPhone
		Debug|iPhoneSimulator = Debug|iPhoneSimulator
		Debug|x64 = Debug|x64
		Debug|x86 = Debug|x86
		Release|Any CPU = Release|Any CPU
		Release|ARM = Release|ARM
		Release|iPhone = Release|iPhone
		Release|iPhoneSimulator = Release|iPhoneSimulator
		Release|x64 = Release|x64
		Release|x86 = Release|x86
	EndGlobalSection
	GlobalSection(ProjectConfigurationPlatforms) = postSolution
		{4162C8BF-218C-4449-986A-8115D6AECF49}.Ad-Hoc|Any CPU.ActiveCfg = Release|Any CPU
		{4162C8BF-218C-4449-986A-8115D6AECF49}.Ad-Hoc|Any CPU.Build.0 = Release|Any CPU
		{4162C8BF-218C-4449-986A-8115D6AECF49}.Ad-Hoc|Any CPU.Deploy.0 = Release|Any CPU
		{4162C8BF-218C-4449-986A-8115D6AECF49}.Ad-Hoc|ARM.ActiveCfg = Release|Any CPU
		{4162C8BF-218C-4449-986A-8115D6AECF49}.Ad-Hoc|ARM.Build.0 = Release|Any CPU
		{4162C8BF-218C-4449-986A-8115D6AECF49}.Ad-Hoc|ARM.Deploy.0 = Release|Any CPU
		{4162C8BF-218C-4449-986A-8115D6AECF49}.Ad-Hoc|iPhone.ActiveCfg = Release|Any CPU
		{4162C8BF-218C-4449-986A-8115D6AECF49}.Ad-Hoc|iPhone.Build.0 = Release|Any CPU
		{4162C8BF-218C-4449-986A-8115D6AECF49}.Ad-Hoc|iPhone.Deploy.0 = Release|Any CPU
		{4162C8BF-218C-4449-986A-8115D6AECF49}.Ad-Hoc|iPhoneSimulator.ActiveCfg = Release|Any CPU
		{4162C8BF-218C-4449-986A-8115D6AECF49}.Ad-Hoc|iPhoneSimulator.Build.0 = Release|Any CPU
		{4162C8BF-218C-4449-986A-8115D6AECF49}.Ad-Hoc|iPhoneSimulator.Deploy.0 = Release|Any CPU
		{4162C8BF-218C-4449-986A-8115D6AECF49}.Ad-Hoc|x64.ActiveCfg = Release|Any CPU
		{4162C8BF-218C-4449-986A-8115D6AECF49}.Ad-Hoc|x64.Build.0 = Release|Any CPU
		{4162C8BF-218C-4449-986A-8115D6AECF49}.Ad-Hoc|x64.Deploy.0 = Release|Any CPU
		{4162C8BF-218C-4449-986A-8115D6AECF49}.Ad-Hoc|x86.ActiveCfg = Release|Any CPU
		{4162C8BF-218C-4449-986A-8115D6AECF49}.Ad-Hoc|x86.Build.0 = Release|Any CPU
		{4162C8BF-218C-4449-986A-8115D6AECF49}.Ad-Hoc|x86.Deploy.0 = Release|Any CPU
		{4162C8BF-218C-4449-986A-8115D6AECF49}.AppStore|Any CPU.ActiveCfg = Release|Any CPU
		{4162C8BF-218C-4449-986A-8115D6AECF49}.AppStore|Any CPU.Build.0 = Release|Any CPU
		{4162C8BF-218C-4449-986A-8115D6AECF49}.AppStore|Any CPU.Deploy.0 = Release|Any CPU
		{4162C8BF-218C-4449-986A-8115D6AECF49}.AppStore|ARM.ActiveCfg = Release|Any CPU
		{4162C8BF-218C-4449-986A-8115D6AECF49}.AppStore|ARM.Build.0 = Release|Any CPU
		{4162C8BF-218C-4449-986A-8115D6AECF49}.AppStore|ARM.Deploy.0 = Release|Any CPU
		{4162C8BF-218C-4449-986A-8115D6AECF49}.AppStore|iPhone.ActiveCfg = Release|Any CPU
		{4162C8BF-218C-4449-986A-8115D6AECF49}.AppStore|iPhone.Build.0 = Release|Any CPU
		{4162C8BF-218C-4449-986A-8115D6AECF49}.AppStore|iPhone.Deploy.0 = Release|Any CPU
		{4162C8BF-218C-4449-986A-8115D6AECF49}.AppStore|iPhoneSimulator.ActiveCfg = Release|Any CPU
		{4162C8BF-218C-4449-986A-8115D6AECF49}.AppStore|iPhoneSimulator.Build.0 = Release|Any CPU
		{4162C8BF-218C-4449-986A-8115D6AECF49}.AppStore|iPhoneSimulator.Deploy.0 = Release|Any CPU
		{4162C8BF-218C-4449-986A-8115D6AECF49}.AppStore|x64.ActiveCfg = Release|Any CPU
		{4162C8BF-218C-4449-986A-8115D6AECF49}.AppStore|x64.Build.0 = Release|Any CPU
		{4162C8BF-218C-4449-986A-8115D6AECF49}.AppStore|x64.Deploy.0 = Release|Any CPU
		{4162C8BF-218C-4449-986A-8115D6AECF49}.AppStore|x86.ActiveCfg = Release|Any CPU
		{4162C8BF-218C-4449-986A-8115D6AECF49}.AppStore|x86.Build.0 = Release|Any CPU
		{4162C8BF-218C-4449-986A-8115D6AECF49}.AppStore|x86.Deploy.0 = Release|Any CPU
		{4162C8BF-218C-4449-986A-8115D6AECF49}.Debug|Any CPU.ActiveCfg = Debug|Any CPU
		{4162C8BF-218C-4449-986A-8115D6AECF49}.Debug|Any CPU.Build.0 = Debug|Any CPU
		{4162C8BF-218C-4449-986A-8115D6AECF49}.Debug|Any CPU.Deploy.0 = Debug|Any CPU
		{4162C8BF-218C-4449-986A-8115D6AECF49}.Debug|ARM.ActiveCfg = Debug|Any CPU
		{4162C8BF-218C-4449-986A-8115D6AECF49}.Debug|ARM.Build.0 = Debug|Any CPU
		{4162C8BF-218C-4449-986A-8115D6AECF49}.Debug|ARM.Deploy.0 = Debug|Any CPU
		{4162C8BF-218C-4449-986A-8115D6AECF49}.Debug|iPhone.ActiveCfg = Debug|Any CPU
		{4162C8BF-218C-4449-986A-8115D6AECF49}.Debug|iPhone.Build.0 = Debug|Any CPU
		{4162C8BF-218C-4449-986A-8115D6AECF49}.Debug|iPhone.Deploy.0 = Debug|Any CPU
		{4162C8BF-218C-4449-986A-8115D6AECF49}.Debug|iPhoneSimulator.ActiveCfg = Debug|Any CPU
		{4162C8BF-218C-4449-986A-8115D6AECF49}.Debug|iPhoneSimulator.Build.0 = Debug|Any CPU
		{4162C8BF-218C-4449-986A-8115D6AECF49}.Debug|iPhoneSimulator.Deploy.0 = Debug|Any CPU
		{4162C8BF-218C-4449-986A-8115D6AECF49}.Debug|x64.ActiveCfg = Debug|Any CPU
		{4162C8BF-218C-4449-986A-8115D6AECF49}.Debug|x64.Build.0 = Debug|Any CPU
		{4162C8BF-218C-4449-986A-8115D6AECF49}.Debug|x64.Deploy.0 = Debug|Any CPU
		{4162C8BF-218C-4449-986A-8115D6AECF49}.Debug|x86.ActiveCfg = Debug|Any CPU
		{4162C8BF-218C-4449-986A-8115D6AECF49}.Debug|x86.Build.0 = Debug|Any CPU
		{4162C8BF-218C-4449-986A-8115D6AECF49}.Debug|x86.Deploy.0 = Debug|Any CPU
		{4162C8BF-218C-4449-986A-8115D6AECF49}.Release|Any CPU.ActiveCfg = Release|Any CPU
		{4162C8BF-218C-4449-986A-8115D6AECF49}.Release|Any CPU.Build.0 = Release|Any CPU
		{4162C8BF-218C-4449-986A-8115D6AECF49}.Release|Any CPU.Deploy.0 = Release|Any CPU
		{4162C8BF-218C-4449-986A-8115D6AECF49}.Release|ARM.ActiveCfg = Release|Any CPU
		{4162C8BF-218C-4449-986A-8115D6AECF49}.Release|ARM.Build.0 = Release|Any CPU
		{4162C8BF-218C-4449-986A-8115D6AECF49}.Release|ARM.Deploy.0 = Release|Any CPU
		{4162C8BF-218C-4449-986A-8115D6AECF49}.Release|iPhone.ActiveCfg = Release|Any CPU
		{4162C8BF-218C-4449-986A-8115D6AECF49}.Release|iPhone.Build.0 = Release|Any CPU
		{4162C8BF-218C-4449-986A-8115D6AECF49}.Release|iPhone.Deploy.0 = Release|Any CPU
		{4162C8BF-218C-4449-986A-8115D6AECF49}.Release|iPhoneSimulator.ActiveCfg = Release|Any CPU
		{4162C8BF-218C-4449-986A-8115D6AECF49}.Release|iPhoneSimulator.Build.0 = Release|Any CPU
		{4162C8BF-218C-4449-986A-8115D6AECF49}.Release|iPhoneSimulator.Deploy.0 = Release|Any CPU
		{4162C8BF-218C-4449-986A-8115D6AECF49}.Release|x64.ActiveCfg = Release|Any CPU
		{4162C8BF-218C-4449-986A-8115D6AECF49}.Release|x64.Build.0 = Release|Any CPU
		{4162C8BF-218C-4449-986A-8115D6AECF49}.Release|x64.Deploy.0 = Release|Any CPU
		{4162C8BF-218C-4449-986A-8115D6AECF49}.Release|x86.ActiveCfg = Release|Any CPU
		{4162C8BF-218C-4449-986A-8115D6AECF49}.Release|x86.Build.0 = Release|Any CPU
		{4162C8BF-218C-4449-986A-8115D6AECF49}.Release|x86.Deploy.0 = Release|Any CPU
		{7FA4BFCC-5800-487A-8AEE-74C86DC6ACD9}.Ad-Hoc|Any CPU.ActiveCfg = Release|Any CPU
		{7FA4BFCC-5800-487A-8AEE-74C86DC6ACD9}.Ad-Hoc|Any CPU.Build.0 = Release|Any CPU
		{7FA4BFCC-5800-487A-8AEE-74C86DC6ACD9}.Ad-Hoc|ARM.ActiveCfg = Release|Any CPU
		{7FA4BFCC-5800-487A-8AEE-74C86DC6ACD9}.Ad-Hoc|ARM.Build.0 = Release|Any CPU
		{7FA4BFCC-5800-487A-8AEE-74C86DC6ACD9}.Ad-Hoc|iPhone.ActiveCfg = Release|Any CPU
		{7FA4BFCC-5800-487A-8AEE-74C86DC6ACD9}.Ad-Hoc|iPhone.Build.0 = Release|Any CPU
		{7FA4BFCC-5800-487A-8AEE-74C86DC6ACD9}.Ad-Hoc|iPhoneSimulator.ActiveCfg = Release|Any CPU
		{7FA4BFCC-5800-487A-8AEE-74C86DC6ACD9}.Ad-Hoc|iPhoneSimulator.Build.0 = Release|Any CPU
		{7FA4BFCC-5800-487A-8AEE-74C86DC6ACD9}.Ad-Hoc|x64.ActiveCfg = Release|Any CPU
		{7FA4BFCC-5800-487A-8AEE-74C86DC6ACD9}.Ad-Hoc|x64.Build.0 = Release|Any CPU
		{7FA4BFCC-5800-487A-8AEE-74C86DC6ACD9}.Ad-Hoc|x86.ActiveCfg = Release|Any CPU
		{7FA4BFCC-5800-487A-8AEE-74C86DC6ACD9}.Ad-Hoc|x86.Build.0 = Release|Any CPU
		{7FA4BFCC-5800-487A-8AEE-74C86DC6ACD9}.AppStore|Any CPU.ActiveCfg = Release|Any CPU
		{7FA4BFCC-5800-487A-8AEE-74C86DC6ACD9}.AppStore|Any CPU.Build.0 = Release|Any CPU
		{7FA4BFCC-5800-487A-8AEE-74C86DC6ACD9}.AppStore|ARM.ActiveCfg = Release|Any CPU
		{7FA4BFCC-5800-487A-8AEE-74C86DC6ACD9}.AppStore|ARM.Build.0 = Release|Any CPU
		{7FA4BFCC-5800-487A-8AEE-74C86DC6ACD9}.AppStore|iPhone.ActiveCfg = Release|Any CPU
		{7FA4BFCC-5800-487A-8AEE-74C86DC6ACD9}.AppStore|iPhone.Build.0 = Release|Any CPU
		{7FA4BFCC-5800-487A-8AEE-74C86DC6ACD9}.AppStore|iPhoneSimulator.ActiveCfg = Release|Any CPU
		{7FA4BFCC-5800-487A-8AEE-74C86DC6ACD9}.AppStore|iPhoneSimulator.Build.0 = Release|Any CPU
		{7FA4BFCC-5800-487A-8AEE-74C86DC6ACD9}.AppStore|x64.ActiveCfg = Release|Any CPU
		{7FA4BFCC-5800-487A-8AEE-74C86DC6ACD9}.AppStore|x64.Build.0 = Release|Any CPU
		{7FA4BFCC-5800-487A-8AEE-74C86DC6ACD9}.AppStore|x86.ActiveCfg = Release|Any CPU
		{7FA4BFCC-5800-487A-8AEE-74C86DC6ACD9}.AppStore|x86.Build.0 = Release|Any CPU
		{7FA4BFCC-5800-487A-8AEE-74C86DC6ACD9}.Debug|Any CPU.ActiveCfg = Debug|Any CPU
		{7FA4BFCC-5800-487A-8AEE-74C86DC6ACD9}.Debug|Any CPU.Build.0 = Debug|Any CPU
		{7FA4BFCC-5800-487A-8AEE-74C86DC6ACD9}.Debug|ARM.ActiveCfg = Debug|Any CPU
		{7FA4BFCC-5800-487A-8AEE-74C86DC6ACD9}.Debug|ARM.Build.0 = Debug|Any CPU
		{7FA4BFCC-5800-487A-8AEE-74C86DC6ACD9}.Debug|iPhone.ActiveCfg = Debug|Any CPU
		{7FA4BFCC-5800-487A-8AEE-74C86DC6ACD9}.Debug|iPhone.Build.0 = Debug|Any CPU
		{7FA4BFCC-5800-487A-8AEE-74C86DC6ACD9}.Debug|iPhoneSimulator.ActiveCfg = Debug|Any CPU
		{7FA4BFCC-5800-487A-8AEE-74C86DC6ACD9}.Debug|iPhoneSimulator.Build.0 = Debug|Any CPU
		{7FA4BFCC-5800-487A-8AEE-74C86DC6ACD9}.Debug|x64.ActiveCfg = Debug|Any CPU
		{7FA4BFCC-5800-487A-8AEE-74C86DC6ACD9}.Debug|x64.Build.0 = Debug|Any CPU
		{7FA4BFCC-5800-487A-8AEE-74C86DC6ACD9}.Debug|x86.ActiveCfg = Debug|Any CPU
		{7FA4BFCC-5800-487A-8AEE-74C86DC6ACD9}.Debug|x86.Build.0 = Debug|Any CPU
		{7FA4BFCC-5800-487A-8AEE-74C86DC6ACD9}.Release|Any CPU.ActiveCfg = Release|Any CPU
		{7FA4BFCC-5800-487A-8AEE-74C86DC6ACD9}.Release|Any CPU.Build.0 = Release|Any CPU
		{7FA4BFCC-5800-487A-8AEE-74C86DC6ACD9}.Release|ARM.ActiveCfg = Release|Any CPU
		{7FA4BFCC-5800-487A-8AEE-74C86DC6ACD9}.Release|ARM.Build.0 = Release|Any CPU
		{7FA4BFCC-5800-487A-8AEE-74C86DC6ACD9}.Release|iPhone.ActiveCfg = Release|Any CPU
		{7FA4BFCC-5800-487A-8AEE-74C86DC6ACD9}.Release|iPhone.Build.0 = Release|Any CPU
		{7FA4BFCC-5800-487A-8AEE-74C86DC6ACD9}.Release|iPhoneSimulator.ActiveCfg = Release|Any CPU
		{7FA4BFCC-5800-487A-8AEE-74C86DC6ACD9}.Release|iPhoneSimulator.Build.0 = Release|Any CPU
		{7FA4BFCC-5800-487A-8AEE-74C86DC6ACD9}.Release|x64.ActiveCfg = Release|Any CPU
		{7FA4BFCC-5800-487A-8AEE-74C86DC6ACD9}.Release|x64.Build.0 = Release|Any CPU
		{7FA4BFCC-5800-487A-8AEE-74C86DC6ACD9}.Release|x86.ActiveCfg = Release|Any CPU
		{7FA4BFCC-5800-487A-8AEE-74C86DC6ACD9}.Release|x86.Build.0 = Release|Any CPU
		{3F453BA3-9E74-4121-A887-075CF39E02A6}.Ad-Hoc|Any CPU.ActiveCfg = Release|x86
		{3F453BA3-9E74-4121-A887-075CF39E02A6}.Ad-Hoc|Any CPU.Build.0 = Release|x86
		{3F453BA3-9E74-4121-A887-075CF39E02A6}.Ad-Hoc|Any CPU.Deploy.0 = Release|x86
		{3F453BA3-9E74-4121-A887-075CF39E02A6}.Ad-Hoc|ARM.ActiveCfg = Release|ARM
		{3F453BA3-9E74-4121-A887-075CF39E02A6}.Ad-Hoc|ARM.Build.0 = Release|ARM
		{3F453BA3-9E74-4121-A887-075CF39E02A6}.Ad-Hoc|ARM.Deploy.0 = Release|ARM
		{3F453BA3-9E74-4121-A887-075CF39E02A6}.Ad-Hoc|iPhone.ActiveCfg = Release|x86
		{3F453BA3-9E74-4121-A887-075CF39E02A6}.Ad-Hoc|iPhone.Build.0 = Release|x86
		{3F453BA3-9E74-4121-A887-075CF39E02A6}.Ad-Hoc|iPhone.Deploy.0 = Release|x86
		{3F453BA3-9E74-4121-A887-075CF39E02A6}.Ad-Hoc|iPhoneSimulator.ActiveCfg = Release|x86
		{3F453BA3-9E74-4121-A887-075CF39E02A6}.Ad-Hoc|iPhoneSimulator.Build.0 = Release|x86
		{3F453BA3-9E74-4121-A887-075CF39E02A6}.Ad-Hoc|iPhoneSimulator.Deploy.0 = Release|x86
		{3F453BA3-9E74-4121-A887-075CF39E02A6}.Ad-Hoc|x64.ActiveCfg = Release|x64
		{3F453BA3-9E74-4121-A887-075CF39E02A6}.Ad-Hoc|x64.Build.0 = Release|x64
		{3F453BA3-9E74-4121-A887-075CF39E02A6}.Ad-Hoc|x64.Deploy.0 = Release|x64
		{3F453BA3-9E74-4121-A887-075CF39E02A6}.Ad-Hoc|x86.ActiveCfg = Release|x86
		{3F453BA3-9E74-4121-A887-075CF39E02A6}.Ad-Hoc|x86.Build.0 = Release|x86
		{3F453BA3-9E74-4121-A887-075CF39E02A6}.Ad-Hoc|x86.Deploy.0 = Release|x86
		{3F453BA3-9E74-4121-A887-075CF39E02A6}.AppStore|Any CPU.ActiveCfg = Release|x86
		{3F453BA3-9E74-4121-A887-075CF39E02A6}.AppStore|Any CPU.Build.0 = Release|x86
		{3F453BA3-9E74-4121-A887-075CF39E02A6}.AppStore|Any CPU.Deploy.0 = Release|x86
		{3F453BA3-9E74-4121-A887-075CF39E02A6}.AppStore|ARM.ActiveCfg = Release|ARM
		{3F453BA3-9E74-4121-A887-075CF39E02A6}.AppStore|ARM.Build.0 = Release|ARM
		{3F453BA3-9E74-4121-A887-075CF39E02A6}.AppStore|ARM.Deploy.0 = Release|ARM
		{3F453BA3-9E74-4121-A887-075CF39E02A6}.AppStore|iPhone.ActiveCfg = Release|x86
		{3F453BA3-9E74-4121-A887-075CF39E02A6}.AppStore|iPhone.Build.0 = Release|x86
		{3F453BA3-9E74-4121-A887-075CF39E02A6}.AppStore|iPhone.Deploy.0 = Release|x86
		{3F453BA3-9E74-4121-A887-075CF39E02A6}.AppStore|iPhoneSimulator.ActiveCfg = Release|x86
		{3F453BA3-9E74-4121-A887-075CF39E02A6}.AppStore|iPhoneSimulator.Build.0 = Release|x86
		{3F453BA3-9E74-4121-A887-075CF39E02A6}.AppStore|iPhoneSimulator.Deploy.0 = Release|x86
		{3F453BA3-9E74-4121-A887-075CF39E02A6}.AppStore|x64.ActiveCfg = Release|x64
		{3F453BA3-9E74-4121-A887-075CF39E02A6}.AppStore|x64.Build.0 = Release|x64
		{3F453BA3-9E74-4121-A887-075CF39E02A6}.AppStore|x64.Deploy.0 = Release|x64
		{3F453BA3-9E74-4121-A887-075CF39E02A6}.AppStore|x86.ActiveCfg = Release|x86
		{3F453BA3-9E74-4121-A887-075CF39E02A6}.AppStore|x86.Build.0 = Release|x86
		{3F453BA3-9E74-4121-A887-075CF39E02A6}.AppStore|x86.Deploy.0 = Release|x86
		{3F453BA3-9E74-4121-A887-075CF39E02A6}.Debug|Any CPU.ActiveCfg = Debug|x86
		{3F453BA3-9E74-4121-A887-075CF39E02A6}.Debug|Any CPU.Build.0 = Debug|x86
		{3F453BA3-9E74-4121-A887-075CF39E02A6}.Debug|Any CPU.Deploy.0 = Debug|x86
		{3F453BA3-9E74-4121-A887-075CF39E02A6}.Debug|ARM.ActiveCfg = Debug|ARM
		{3F453BA3-9E74-4121-A887-075CF39E02A6}.Debug|ARM.Build.0 = Debug|ARM
		{3F453BA3-9E74-4121-A887-075CF39E02A6}.Debug|ARM.Deploy.0 = Debug|ARM
		{3F453BA3-9E74-4121-A887-075CF39E02A6}.Debug|iPhone.ActiveCfg = Debug|x86
		{3F453BA3-9E74-4121-A887-075CF39E02A6}.Debug|iPhoneSimulator.ActiveCfg = Debug|x86
		{3F453BA3-9E74-4121-A887-075CF39E02A6}.Debug|x64.ActiveCfg = Debug|x64
		{3F453BA3-9E74-4121-A887-075CF39E02A6}.Debug|x64.Build.0 = Debug|x64
		{3F453BA3-9E74-4121-A887-075CF39E02A6}.Debug|x64.Deploy.0 = Debug|x64
		{3F453BA3-9E74-4121-A887-075CF39E02A6}.Debug|x86.ActiveCfg = Debug|x86
		{3F453BA3-9E74-4121-A887-075CF39E02A6}.Debug|x86.Build.0 = Debug|x86
		{3F453BA3-9E74-4121-A887-075CF39E02A6}.Debug|x86.Deploy.0 = Debug|x86
		{3F453BA3-9E74-4121-A887-075CF39E02A6}.Release|Any CPU.ActiveCfg = Release|x86
		{3F453BA3-9E74-4121-A887-075CF39E02A6}.Release|ARM.ActiveCfg = Release|ARM
		{3F453BA3-9E74-4121-A887-075CF39E02A6}.Release|ARM.Build.0 = Release|ARM
		{3F453BA3-9E74-4121-A887-075CF39E02A6}.Release|ARM.Deploy.0 = Release|ARM
		{3F453BA3-9E74-4121-A887-075CF39E02A6}.Release|iPhone.ActiveCfg = Release|x86
		{3F453BA3-9E74-4121-A887-075CF39E02A6}.Release|iPhoneSimulator.ActiveCfg = Release|x86
		{3F453BA3-9E74-4121-A887-075CF39E02A6}.Release|x64.ActiveCfg = Release|x64
		{3F453BA3-9E74-4121-A887-075CF39E02A6}.Release|x64.Build.0 = Release|x64
		{3F453BA3-9E74-4121-A887-075CF39E02A6}.Release|x64.Deploy.0 = Release|x64
		{3F453BA3-9E74-4121-A887-075CF39E02A6}.Release|x86.ActiveCfg = Release|x86
		{3F453BA3-9E74-4121-A887-075CF39E02A6}.Release|x86.Build.0 = Release|x86
		{3F453BA3-9E74-4121-A887-075CF39E02A6}.Release|x86.Deploy.0 = Release|x86
		{C27A073E-08BF-4F42-81D8-D94141449ABD}.Ad-Hoc|Any CPU.ActiveCfg = Ad-Hoc|iPhone
		{C27A073E-08BF-4F42-81D8-D94141449ABD}.Ad-Hoc|ARM.ActiveCfg = Ad-Hoc|iPhone
		{C27A073E-08BF-4F42-81D8-D94141449ABD}.Ad-Hoc|iPhone.ActiveCfg = Ad-Hoc|iPhone
		{C27A073E-08BF-4F42-81D8-D94141449ABD}.Ad-Hoc|iPhone.Build.0 = Ad-Hoc|iPhone
		{C27A073E-08BF-4F42-81D8-D94141449ABD}.Ad-Hoc|iPhoneSimulator.ActiveCfg = Ad-Hoc|iPhoneSimulator
		{C27A073E-08BF-4F42-81D8-D94141449ABD}.Ad-Hoc|iPhoneSimulator.Build.0 = Ad-Hoc|iPhoneSimulator
		{C27A073E-08BF-4F42-81D8-D94141449ABD}.Ad-Hoc|x64.ActiveCfg = Ad-Hoc|iPhone
		{C27A073E-08BF-4F42-81D8-D94141449ABD}.Ad-Hoc|x86.ActiveCfg = Ad-Hoc|iPhone
		{C27A073E-08BF-4F42-81D8-D94141449ABD}.AppStore|Any CPU.ActiveCfg = AppStore|iPhone
		{C27A073E-08BF-4F42-81D8-D94141449ABD}.AppStore|ARM.ActiveCfg = AppStore|iPhone
		{C27A073E-08BF-4F42-81D8-D94141449ABD}.AppStore|iPhone.ActiveCfg = AppStore|iPhone
		{C27A073E-08BF-4F42-81D8-D94141449ABD}.AppStore|iPhone.Build.0 = AppStore|iPhone
		{C27A073E-08BF-4F42-81D8-D94141449ABD}.AppStore|iPhoneSimulator.ActiveCfg = AppStore|iPhoneSimulator
		{C27A073E-08BF-4F42-81D8-D94141449ABD}.AppStore|iPhoneSimulator.Build.0 = AppStore|iPhoneSimulator
		{C27A073E-08BF-4F42-81D8-D94141449ABD}.AppStore|x64.ActiveCfg = AppStore|iPhone
		{C27A073E-08BF-4F42-81D8-D94141449ABD}.AppStore|x86.ActiveCfg = AppStore|iPhone
		{C27A073E-08BF-4F42-81D8-D94141449ABD}.Debug|Any CPU.ActiveCfg = Debug|iPhone
		{C27A073E-08BF-4F42-81D8-D94141449ABD}.Debug|ARM.ActiveCfg = Debug|iPhone
		{C27A073E-08BF-4F42-81D8-D94141449ABD}.Debug|iPhone.ActiveCfg = Debug|iPhone
		{C27A073E-08BF-4F42-81D8-D94141449ABD}.Debug|iPhone.Build.0 = Debug|iPhone
		{C27A073E-08BF-4F42-81D8-D94141449ABD}.Debug|iPhoneSimulator.ActiveCfg = Debug|iPhoneSimulator
		{C27A073E-08BF-4F42-81D8-D94141449ABD}.Debug|iPhoneSimulator.Build.0 = Debug|iPhoneSimulator
		{C27A073E-08BF-4F42-81D8-D94141449ABD}.Debug|x64.ActiveCfg = Debug|iPhone
		{C27A073E-08BF-4F42-81D8-D94141449ABD}.Debug|x86.ActiveCfg = Debug|iPhone
		{C27A073E-08BF-4F42-81D8-D94141449ABD}.Release|Any CPU.ActiveCfg = Release|iPhone
		{C27A073E-08BF-4F42-81D8-D94141449ABD}.Release|ARM.ActiveCfg = Release|iPhone
		{C27A073E-08BF-4F42-81D8-D94141449ABD}.Release|iPhone.ActiveCfg = Release|iPhone
		{C27A073E-08BF-4F42-81D8-D94141449ABD}.Release|iPhone.Build.0 = Release|iPhone
		{C27A073E-08BF-4F42-81D8-D94141449ABD}.Release|iPhoneSimulator.ActiveCfg = Release|iPhoneSimulator
		{C27A073E-08BF-4F42-81D8-D94141449ABD}.Release|iPhoneSimulator.Build.0 = Release|iPhoneSimulator
		{C27A073E-08BF-4F42-81D8-D94141449ABD}.Release|x64.ActiveCfg = Release|iPhone
		{C27A073E-08BF-4F42-81D8-D94141449ABD}.Release|x86.ActiveCfg = Release|iPhone
	EndGlobalSection
	GlobalSection(SolutionProperties) = preSolution
		HideSolutionNode = FALSE
	EndGlobalSection
EndGlobal
